
Microsoft Visual Studio Solution File, Format Version 12.00
# Visual Studio Version 16
VisualStudioVersion = 16.0.31410.357
MinimumVisualStudioVersion = 10.0.40219.1
Project("{FAE04EC0-301F-11D3-BF4B-00C04F79EFBC}") = "UriExercicio1012", "UriExercicio1012\UriExercicio1012.csproj", "{0381FEEB-711B-4E2B-B3C8-959AAB2A6130}"
EndProject
Global
	GlobalSection(SolutionConfigurationPlatforms) = preSolution
		Debug|Any CPU = Debug|Any CPU
		Release|Any CPU = Release|Any CPU
	EndGlobalSection
	GlobalSection(ProjectConfigurationPlatforms) = postSolution
		{0381FEEB-711B-4E2B-B3C8-959AAB2A6130}.Debug|Any CPU.ActiveCfg = Debug|Any CPU
		{0381FEEB-711B-4E2B-B3C8-959AAB2A6130}.Debug|Any CPU.Build.0 = Debug|Any CPU
		{0381FEEB-711B-4E2B-B3C8-959AAB2A6130}.Release|Any CPU.ActiveCfg = Release|Any CPU
		{0381FEEB-711B-4E2B-B3C8-959AAB2A6130}.Release|Any CPU.Build.0 = Release|Any CPU
	EndGlobalSection
	GlobalSection(SolutionProperties) = preSolution
		HideSolutionNode = FALSE
	EndGlobalSection
	GlobalSection(ExtensibilityGlobals) = postSolution
		SolutionGuid = {ED3916FD-E834-4121-B57E-82A18F5A56AB}
	EndGlobalSection
EndGlobal
