
Microsoft Visual Studio Solution File, Format Version 12.00
# Visual Studio Version 16
VisualStudioVersion = 16.0.31410.357
MinimumVisualStudioVersion = 10.0.40219.1
Project("{FAE04EC0-301F-11D3-BF4B-00C04F79EFBC}") = "UriExercicio1008", "UriExercicio1008\UriExercicio1008.csproj", "{481A80D9-0B4D-40A9-AD81-AAC758293980}"
EndProject
Global
	GlobalSection(SolutionConfigurationPlatforms) = preSolution
		Debug|Any CPU = Debug|Any CPU
		Release|Any CPU = Release|Any CPU
	EndGlobalSection
	GlobalSection(ProjectConfigurationPlatforms) = postSolution
		{481A80D9-0B4D-40A9-AD81-AAC758293980}.Debug|Any CPU.ActiveCfg = Debug|Any CPU
		{481A80D9-0B4D-40A9-AD81-AAC758293980}.Debug|Any CPU.Build.0 = Debug|Any CPU
		{481A80D9-0B4D-40A9-AD81-AAC758293980}.Release|Any CPU.ActiveCfg = Release|Any CPU
		{481A80D9-0B4D-40A9-AD81-AAC758293980}.Release|Any CPU.Build.0 = Release|Any CPU
	EndGlobalSection
	GlobalSection(SolutionProperties) = preSolution
		HideSolutionNode = FALSE
	EndGlobalSection
	GlobalSection(ExtensibilityGlobals) = postSolution
		SolutionGuid = {8512EBA5-62D9-4332-BE0F-3762C2F3451A}
	EndGlobalSection
EndGlobal
