
Microsoft Visual Studio Solution File, Format Version 12.00
# Visual Studio Version 16
VisualStudioVersion = 16.0.31410.357
MinimumVisualStudioVersion = 10.0.40219.1
Project("{FAE04EC0-301F-11D3-BF4B-00C04F79EFBC}") = "UriExercicio1015", "UriExercicio1015\UriExercicio1015.csproj", "{9831BC1A-229B-4D07-94E4-B150221709E4}"
EndProject
Global
	GlobalSection(SolutionConfigurationPlatforms) = preSolution
		Debug|Any CPU = Debug|Any CPU
		Release|Any CPU = Release|Any CPU
	EndGlobalSection
	GlobalSection(ProjectConfigurationPlatforms) = postSolution
		{9831BC1A-229B-4D07-94E4-B150221709E4}.Debug|Any CPU.ActiveCfg = Debug|Any CPU
		{9831BC1A-229B-4D07-94E4-B150221709E4}.Debug|Any CPU.Build.0 = Debug|Any CPU
		{9831BC1A-229B-4D07-94E4-B150221709E4}.Release|Any CPU.ActiveCfg = Release|Any CPU
		{9831BC1A-229B-4D07-94E4-B150221709E4}.Release|Any CPU.Build.0 = Release|Any CPU
	EndGlobalSection
	GlobalSection(SolutionProperties) = preSolution
		HideSolutionNode = FALSE
	EndGlobalSection
	GlobalSection(ExtensibilityGlobals) = postSolution
		SolutionGuid = {B0221162-720A-41FB-82C3-35EDB8C6DDF4}
	EndGlobalSection
EndGlobal
